// !$*UTF8*$!
{
	archiveVersion = 1;
	classes = {
	};
	objectVersion = 50;
	objects = {

/* Begin PBXBuildFile section */
		0A1F8B852551905500E8D774 /* ResultView.swift in Sources */ = {isa = PBXBuildFile; fileRef = 0A1F8B842551905500E8D774 /* ResultView.swift */; };
		0A1F8B872551B18D00E8D774 /* BarView.swift in Sources */ = {isa = PBXBuildFile; fileRef = 0A1F8B862551B18D00E8D774 /* BarView.swift */; };
		0A6D62692556F8DF00AAF170 /* PageHomeView.swift in Sources */ = {isa = PBXBuildFile; fileRef = 0A6D62682556F8DF00AAF170 /* PageHomeView.swift */; };
		0A841B63254D1EBA005940B0 /* SettingView.swift in Sources */ = {isa = PBXBuildFile; fileRef = 0A841B62254D1EBA005940B0 /* SettingView.swift */; };
		0A841B65254E8E99005940B0 /* MilestoneTrack.swift in Sources */ = {isa = PBXBuildFile; fileRef = 0A841B64254E8E99005940B0 /* MilestoneTrack.swift */; };
		D7165B8B25441E13002CB21D /* ProfileAddView.swift in Sources */ = {isa = PBXBuildFile; fileRef = D7165B8A25441E13002CB21D /* ProfileAddView.swift */; };
		D7165B8D254456D2002CB21D /* SummaryView.swift in Sources */ = {isa = PBXBuildFile; fileRef = D7165B8C254456D2002CB21D /* SummaryView.swift */; };
		D7165B8F254456EA002CB21D /* ScreeningView.swift in Sources */ = {isa = PBXBuildFile; fileRef = D7165B8E254456EA002CB21D /* ScreeningView.swift */; };
		D7165B93254467FB002CB21D /* QuickView.swift in Sources */ = {isa = PBXBuildFile; fileRef = D7165B92254467FB002CB21D /* QuickView.swift */; };
		D7165B952544680D002CB21D /* TipsView.swift in Sources */ = {isa = PBXBuildFile; fileRef = D7165B942544680D002CB21D /* TipsView.swift */; };
		D7165B9725486C95002CB21D /* RingShape.swift in Sources */ = {isa = PBXBuildFile; fileRef = D7165B9625486C95002CB21D /* RingShape.swift */; };
		D7165B9A25486E28002CB21D /* Colors.swift in Sources */ = {isa = PBXBuildFile; fileRef = D7165B9925486E28002CB21D /* Colors.swift */; };
		D7165BDF254B861E002CB21D /* TipsDetailView.swift in Sources */ = {isa = PBXBuildFile; fileRef = D7165BDE254B861E002CB21D /* TipsDetailView.swift */; };
		D7165BE1254DC00B002CB21D /* Child.swift in Sources */ = {isa = PBXBuildFile; fileRef = D7165BE0254DC00B002CB21D /* Child.swift */; };
		D7818DD42562427100EBC5E3 /* Data.swift in Sources */ = {isa = PBXBuildFile; fileRef = D7818DD32562427100EBC5E3 /* Data.swift */; };
		D7818DD72562449A00EBC5E3 /* Mile.swift in Sources */ = {isa = PBXBuildFile; fileRef = D7818DD62562449A00EBC5E3 /* Mile.swift */; };
		D7818DE42562489700EBC5E3 /* mileData.json in Resources */ = {isa = PBXBuildFile; fileRef = D7818DE32562489700EBC5E3 /* mileData.json */; };
		D7818DE825624B3A00EBC5E3 /* UserData.swift in Sources */ = {isa = PBXBuildFile; fileRef = D7818DE725624B3A00EBC5E3 /* UserData.swift */; };
		D787CF9C2562961F0043E27F /* Student.swift in Sources */ = {isa = PBXBuildFile; fileRef = D787CF9B2562961F0043E27F /* Student.swift */; };
		D787CFAF256499C70043E27F /* AddChildView.swift in Sources */ = {isa = PBXBuildFile; fileRef = D787CFAE256499C70043E27F /* AddChildView.swift */; };
		D792E9442558F06400CE0C92 /* PageViewController.swift in Sources */ = {isa = PBXBuildFile; fileRef = D792E9402558F06300CE0C92 /* PageViewController.swift */; };
		D792E9452558F06400CE0C92 /* PageViewContainer.swift in Sources */ = {isa = PBXBuildFile; fileRef = D792E9412558F06400CE0C92 /* PageViewContainer.swift */; };
		D792E9462558F06400CE0C92 /* PageIndicator.swift in Sources */ = {isa = PBXBuildFile; fileRef = D792E9422558F06400CE0C92 /* PageIndicator.swift */; };
		D792E9472558F06400CE0C92 /* PageView.swift in Sources */ = {isa = PBXBuildFile; fileRef = D792E9432558F06400CE0C92 /* PageView.swift */; };
		D792E9492558F0AD00CE0C92 /* HelpView.swift in Sources */ = {isa = PBXBuildFile; fileRef = D792E9482558F0AD00CE0C92 /* HelpView.swift */; };
		D7B151CB2536FA5B00FF926C /* AppDelegate.swift in Sources */ = {isa = PBXBuildFile; fileRef = D7B151CA2536FA5B00FF926C /* AppDelegate.swift */; };
		D7B151CD2536FA5B00FF926C /* SceneDelegate.swift in Sources */ = {isa = PBXBuildFile; fileRef = D7B151CC2536FA5B00FF926C /* SceneDelegate.swift */; };
		D7B151D02536FA5B00FF926C /* BK.xcdatamodeld in Sources */ = {isa = PBXBuildFile; fileRef = D7B151CE2536FA5B00FF926C /* BK.xcdatamodeld */; };
		D7B151D22536FA5B00FF926C /* ContentView.swift in Sources */ = {isa = PBXBuildFile; fileRef = D7B151D12536FA5B00FF926C /* ContentView.swift */; };
		D7B151D42536FA5C00FF926C /* Assets.xcassets in Resources */ = {isa = PBXBuildFile; fileRef = D7B151D32536FA5C00FF926C /* Assets.xcassets */; };
		D7B151D72536FA5C00FF926C /* Preview Assets.xcassets in Resources */ = {isa = PBXBuildFile; fileRef = D7B151D62536FA5C00FF926C /* Preview Assets.xcassets */; };
		D7B151DA2536FA5C00FF926C /* LaunchScreen.storyboard in Resources */ = {isa = PBXBuildFile; fileRef = D7B151D82536FA5C00FF926C /* LaunchScreen.storyboard */; };
		D7B151EA253CC04600FF926C /* Constant.swift in Sources */ = {isa = PBXBuildFile; fileRef = D7B151E9253CC04600FF926C /* Constant.swift */; };
		D7B151EC253CC0B500FF926C /* HomeView.swift in Sources */ = {isa = PBXBuildFile; fileRef = D7B151EB253CC0B500FF926C /* HomeView.swift */; };
		D7B151EE253CC0E800FF926C /* MilestoneView.swift in Sources */ = {isa = PBXBuildFile; fileRef = D7B151ED253CC0E800FF926C /* MilestoneView.swift */; };
		D7B151F8253CC5EF00FF926C /* Page.swift in Sources */ = {isa = PBXBuildFile; fileRef = D7B151F7253CC5EF00FF926C /* Page.swift */; };
		D7B151FC253DDD4D00FF926C /* Milestone.swift in Sources */ = {isa = PBXBuildFile; fileRef = D7B151FB253DDD4D00FF926C /* Milestone.swift */; };
		D7B15200253EC51900FF926C /* Tips.swift in Sources */ = {isa = PBXBuildFile; fileRef = D7B151FF253EC51900FF926C /* Tips.swift */; };
/* End PBXBuildFile section */

/* Begin PBXFileReference section */
		0A1F8B842551905500E8D774 /* ResultView.swift */ = {isa = PBXFileReference; lastKnownFileType = sourcecode.swift; path = ResultView.swift; sourceTree = "<group>"; };
		0A1F8B862551B18D00E8D774 /* BarView.swift */ = {isa = PBXFileReference; lastKnownFileType = sourcecode.swift; path = BarView.swift; sourceTree = "<group>"; };
		0A6D62682556F8DF00AAF170 /* PageHomeView.swift */ = {isa = PBXFileReference; lastKnownFileType = sourcecode.swift; path = PageHomeView.swift; sourceTree = "<group>"; };
		0A841B62254D1EBA005940B0 /* SettingView.swift */ = {isa = PBXFileReference; lastKnownFileType = sourcecode.swift; path = SettingView.swift; sourceTree = "<group>"; };
		0A841B64254E8E99005940B0 /* MilestoneTrack.swift */ = {isa = PBXFileReference; lastKnownFileType = sourcecode.swift; path = MilestoneTrack.swift; sourceTree = "<group>"; };
		D7165B8A25441E13002CB21D /* ProfileAddView.swift */ = {isa = PBXFileReference; lastKnownFileType = sourcecode.swift; path = ProfileAddView.swift; sourceTree = "<group>"; };
		D7165B8C254456D2002CB21D /* SummaryView.swift */ = {isa = PBXFileReference; lastKnownFileType = sourcecode.swift; path = SummaryView.swift; sourceTree = "<group>"; };
		D7165B8E254456EA002CB21D /* ScreeningView.swift */ = {isa = PBXFileReference; lastKnownFileType = sourcecode.swift; path = ScreeningView.swift; sourceTree = "<group>"; };
		D7165B92254467FB002CB21D /* QuickView.swift */ = {isa = PBXFileReference; lastKnownFileType = sourcecode.swift; path = QuickView.swift; sourceTree = "<group>"; };
		D7165B942544680D002CB21D /* TipsView.swift */ = {isa = PBXFileReference; lastKnownFileType = sourcecode.swift; path = TipsView.swift; sourceTree = "<group>"; };
		D7165B9625486C95002CB21D /* RingShape.swift */ = {isa = PBXFileReference; lastKnownFileType = sourcecode.swift; path = RingShape.swift; sourceTree = "<group>"; };
		D7165B9925486E28002CB21D /* Colors.swift */ = {isa = PBXFileReference; lastKnownFileType = sourcecode.swift; path = Colors.swift; sourceTree = "<group>"; };
		D7165BDE254B861E002CB21D /* TipsDetailView.swift */ = {isa = PBXFileReference; lastKnownFileType = sourcecode.swift; path = TipsDetailView.swift; sourceTree = "<group>"; };
		D7165BE0254DC00B002CB21D /* Child.swift */ = {isa = PBXFileReference; lastKnownFileType = sourcecode.swift; path = Child.swift; sourceTree = "<group>"; };
		D7818DD32562427100EBC5E3 /* Data.swift */ = {isa = PBXFileReference; lastKnownFileType = sourcecode.swift; path = Data.swift; sourceTree = "<group>"; };
		D7818DD62562449A00EBC5E3 /* Mile.swift */ = {isa = PBXFileReference; lastKnownFileType = sourcecode.swift; path = Mile.swift; sourceTree = "<group>"; };
		D7818DE32562489700EBC5E3 /* mileData.json */ = {isa = PBXFileReference; fileEncoding = 4; lastKnownFileType = text.json; path = mileData.json; sourceTree = "<group>"; };
		D7818DE725624B3A00EBC5E3 /* UserData.swift */ = {isa = PBXFileReference; lastKnownFileType = sourcecode.swift; path = UserData.swift; sourceTree = "<group>"; };
		D787CF9B2562961F0043E27F /* Student.swift */ = {isa = PBXFileReference; lastKnownFileType = sourcecode.swift; path = Student.swift; sourceTree = "<group>"; };
		D787CFAE256499C70043E27F /* AddChildView.swift */ = {isa = PBXFileReference; lastKnownFileType = sourcecode.swift; path = AddChildView.swift; sourceTree = "<group>"; };
		D792E9402558F06300CE0C92 /* PageViewController.swift */ = {isa = PBXFileReference; fileEncoding = 4; lastKnownFileType = sourcecode.swift; name = PageViewController.swift; path = Onboarding/PageViewController.swift; sourceTree = "<group>"; };
		D792E9412558F06400CE0C92 /* PageViewContainer.swift */ = {isa = PBXFileReference; fileEncoding = 4; lastKnownFileType = sourcecode.swift; name = PageViewContainer.swift; path = Onboarding/PageViewContainer.swift; sourceTree = "<group>"; };
		D792E9422558F06400CE0C92 /* PageIndicator.swift */ = {isa = PBXFileReference; fileEncoding = 4; lastKnownFileType = sourcecode.swift; name = PageIndicator.swift; path = Onboarding/PageIndicator.swift; sourceTree = "<group>"; };
		D792E9432558F06400CE0C92 /* PageView.swift */ = {isa = PBXFileReference; fileEncoding = 4; lastKnownFileType = sourcecode.swift; name = PageView.swift; path = Onboarding/PageView.swift; sourceTree = "<group>"; };
		D792E9482558F0AD00CE0C92 /* HelpView.swift */ = {isa = PBXFileReference; fileEncoding = 4; lastKnownFileType = sourcecode.swift; path = HelpView.swift; sourceTree = "<group>"; };
		D7B151C72536FA5B00FF926C /* Mila.app */ = {isa = PBXFileReference; explicitFileType = wrapper.application; includeInIndex = 0; path = Mila.app; sourceTree = BUILT_PRODUCTS_DIR; };
		D7B151CA2536FA5B00FF926C /* AppDelegate.swift */ = {isa = PBXFileReference; lastKnownFileType = sourcecode.swift; path = AppDelegate.swift; sourceTree = "<group>"; };
		D7B151CC2536FA5B00FF926C /* SceneDelegate.swift */ = {isa = PBXFileReference; lastKnownFileType = sourcecode.swift; path = SceneDelegate.swift; sourceTree = "<group>"; };
		D7B151CF2536FA5B00FF926C /* BK.xcdatamodel */ = {isa = PBXFileReference; lastKnownFileType = wrapper.xcdatamodel; path = BK.xcdatamodel; sourceTree = "<group>"; };
		D7B151D12536FA5B00FF926C /* ContentView.swift */ = {isa = PBXFileReference; lastKnownFileType = sourcecode.swift; path = ContentView.swift; sourceTree = "<group>"; };
		D7B151D32536FA5C00FF926C /* Assets.xcassets */ = {isa = PBXFileReference; lastKnownFileType = folder.assetcatalog; path = Assets.xcassets; sourceTree = "<group>"; };
		D7B151D62536FA5C00FF926C /* Preview Assets.xcassets */ = {isa = PBXFileReference; lastKnownFileType = folder.assetcatalog; path = "Preview Assets.xcassets"; sourceTree = "<group>"; };
		D7B151D92536FA5C00FF926C /* Base */ = {isa = PBXFileReference; lastKnownFileType = file.storyboard; name = Base; path = Base.lproj/LaunchScreen.storyboard; sourceTree = "<group>"; };
		D7B151DB2536FA5C00FF926C /* Info.plist */ = {isa = PBXFileReference; lastKnownFileType = text.plist.xml; path = Info.plist; sourceTree = "<group>"; };
		D7B151E9253CC04600FF926C /* Constant.swift */ = {isa = PBXFileReference; lastKnownFileType = sourcecode.swift; path = Constant.swift; sourceTree = "<group>"; };
		D7B151EB253CC0B500FF926C /* HomeView.swift */ = {isa = PBXFileReference; lastKnownFileType = sourcecode.swift; path = HomeView.swift; sourceTree = "<group>"; };
		D7B151ED253CC0E800FF926C /* MilestoneView.swift */ = {isa = PBXFileReference; lastKnownFileType = sourcecode.swift; path = MilestoneView.swift; sourceTree = "<group>"; };
		D7B151F7253CC5EF00FF926C /* Page.swift */ = {isa = PBXFileReference; lastKnownFileType = sourcecode.swift; path = Page.swift; sourceTree = "<group>"; };
		D7B151FB253DDD4D00FF926C /* Milestone.swift */ = {isa = PBXFileReference; lastKnownFileType = sourcecode.swift; path = Milestone.swift; sourceTree = "<group>"; };
		D7B151FF253EC51900FF926C /* Tips.swift */ = {isa = PBXFileReference; lastKnownFileType = sourcecode.swift; path = Tips.swift; sourceTree = "<group>"; };
/* End PBXFileReference section */

/* Begin PBXFrameworksBuildPhase section */
		D7B151C42536FA5B00FF926C /* Frameworks */ = {
			isa = PBXFrameworksBuildPhase;
			buildActionMask = 2147483647;
			files = (
			);
			runOnlyForDeploymentPostprocessing = 0;
		};
/* End PBXFrameworksBuildPhase section */

/* Begin PBXGroup section */
		D7165B9825486E19002CB21D /* Utils */ = {
			isa = PBXGroup;
			children = (
				D7165B9925486E28002CB21D /* Colors.swift */,
			);
			path = Utils;
			sourceTree = "<group>";
		};
		D7818DDB2562471B00EBC5E3 /* Resources */ = {
			isa = PBXGroup;
			children = (
				D7818DE32562489700EBC5E3 /* mileData.json */,
			);
			path = Resources;
			sourceTree = "<group>";
		};
		D792E93E2552A57A00CE0C92 /* Tab2 */ = {
			isa = PBXGroup;
			children = (
				D7165B942544680D002CB21D /* TipsView.swift */,
				D7165BDE254B861E002CB21D /* TipsDetailView.swift */,
			);
			path = Tab2;
			sourceTree = "<group>";
		};
		D792E93F2552A59600CE0C92 /* Tab1 */ = {
			isa = PBXGroup;
			children = (
				D792E9482558F0AD00CE0C92 /* HelpView.swift */,
				D7165B8C254456D2002CB21D /* SummaryView.swift */,
				D7165B8E254456EA002CB21D /* ScreeningView.swift */,
				D7165B8A25441E13002CB21D /* ProfileAddView.swift */,
				D7165B92254467FB002CB21D /* QuickView.swift */,
				D787CFAE256499C70043E27F /* AddChildView.swift */,
			);
			path = Tab1;
			sourceTree = "<group>";
		};
		D7B151BE2536FA5B00FF926C = {
			isa = PBXGroup;
			children = (
				D7B151C92536FA5B00FF926C /* BK */,
				D7B151C82536FA5B00FF926C /* Products */,
			);
			sourceTree = "<group>";
		};
		D7B151C82536FA5B00FF926C /* Products */ = {
			isa = PBXGroup;
			children = (
				D7B151C72536FA5B00FF926C /* Mila.app */,
			);
			name = Products;
			sourceTree = "<group>";
		};
		D7B151C92536FA5B00FF926C /* BK */ = {
			isa = PBXGroup;
			children = (
				D7165B9825486E19002CB21D /* Utils */,
				D7B151E6253CC00E00FF926C /* Shapes */,
				D7B151E4253CBFD000FF926C /* Models */,
				D7B151E5253CBFE800FF926C /* Views */,
				D7B151CA2536FA5B00FF926C /* AppDelegate.swift */,
				D7B151CC2536FA5B00FF926C /* SceneDelegate.swift */,
				D7818DDB2562471B00EBC5E3 /* Resources */,
				D7B151D32536FA5C00FF926C /* Assets.xcassets */,
				D7B151D82536FA5C00FF926C /* LaunchScreen.storyboard */,
				D7B151DB2536FA5C00FF926C /* Info.plist */,
				D7B151CE2536FA5B00FF926C /* BK.xcdatamodeld */,
				D7B151D52536FA5C00FF926C /* Preview Content */,
			);
			path = BK;
			sourceTree = "<group>";
		};
		D7B151D52536FA5C00FF926C /* Preview Content */ = {
			isa = PBXGroup;
			children = (
				D7B151D62536FA5C00FF926C /* Preview Assets.xcassets */,
			);
			path = "Preview Content";
			sourceTree = "<group>";
		};
		D7B151E4253CBFD000FF926C /* Models */ = {
			isa = PBXGroup;
			children = (
				D7B151E9253CC04600FF926C /* Constant.swift */,
				D7B151F7253CC5EF00FF926C /* Page.swift */,
				D7B151FB253DDD4D00FF926C /* Milestone.swift */,
				D7B151FF253EC51900FF926C /* Tips.swift */,
				D7165BE0254DC00B002CB21D /* Child.swift */,
				0A841B64254E8E99005940B0 /* MilestoneTrack.swift */,
				D7818DD32562427100EBC5E3 /* Data.swift */,
				D7818DD62562449A00EBC5E3 /* Mile.swift */,
				D7818DE725624B3A00EBC5E3 /* UserData.swift */,
				D787CF9B2562961F0043E27F /* Student.swift */,
			);
			path = Models;
			sourceTree = "<group>";
		};
		D7B151E5253CBFE800FF926C /* Views */ = {
			isa = PBXGroup;
			children = (
				D792E9422558F06400CE0C92 /* PageIndicator.swift */,
				D792E9432558F06400CE0C92 /* PageView.swift */,
				D792E9412558F06400CE0C92 /* PageViewContainer.swift */,
				D792E9402558F06300CE0C92 /* PageViewController.swift */,
				D7B151D12536FA5B00FF926C /* ContentView.swift */,
				D7B151EB253CC0B500FF926C /* HomeView.swift */,
				0A6D62682556F8DF00AAF170 /* PageHomeView.swift */,
				D792E93F2552A59600CE0C92 /* Tab1 */,
				D792E93E2552A57A00CE0C92 /* Tab2 */,
				D7B151ED253CC0E800FF926C /* MilestoneView.swift */,
				0A841B62254D1EBA005940B0 /* SettingView.swift */,
				0A1F8B842551905500E8D774 /* ResultView.swift */,
				0A1F8B862551B18D00E8D774 /* BarView.swift */,
			);
			path = Views;
			sourceTree = "<group>";
		};
		D7B151E6253CC00E00FF926C /* Shapes */ = {
			isa = PBXGroup;
			children = (
				D7165B9625486C95002CB21D /* RingShape.swift */,
			);
			path = Shapes;
			sourceTree = "<group>";
		};
/* End PBXGroup section */

/* Begin PBXNativeTarget section */
		D7B151C62536FA5B00FF926C /* mila */ = {
			isa = PBXNativeTarget;
			buildConfigurationList = D7B151DE2536FA5C00FF926C /* Build configuration list for PBXNativeTarget "mila" */;
			buildPhases = (
				D7B151C32536FA5B00FF926C /* Sources */,
				D7B151C42536FA5B00FF926C /* Frameworks */,
				D7B151C52536FA5B00FF926C /* Resources */,
			);
			buildRules = (
			);
			dependencies = (
			);
			name = mila;
			productName = BK;
			productReference = D7B151C72536FA5B00FF926C /* Mila.app */;
			productType = "com.apple.product-type.application";
		};
/* End PBXNativeTarget section */

/* Begin PBXProject section */
		D7B151BF2536FA5B00FF926C /* Project object */ = {
			isa = PBXProject;
			attributes = {
				KnownAssetTags = (
					com.apple.gamecenter.Leaderboard,
				);
				LastSwiftUpdateCheck = 1170;
				LastUpgradeCheck = 1170;
				ORGANIZATIONNAME = BK;
				TargetAttributes = {
					D7B151C62536FA5B00FF926C = {
						CreatedOnToolsVersion = 11.7;
					};
				};
			};
			buildConfigurationList = D7B151C22536FA5B00FF926C /* Build configuration list for PBXProject "mila" */;
			compatibilityVersion = "Xcode 9.3";
			developmentRegion = en;
			hasScannedForEncodings = 0;
			knownRegions = (
				en,
				Base,
			);
			mainGroup = D7B151BE2536FA5B00FF926C;
			productRefGroup = D7B151C82536FA5B00FF926C /* Products */;
			projectDirPath = "";
			projectRoot = "";
			targets = (
				D7B151C62536FA5B00FF926C /* mila */,
			);
		};
/* End PBXProject section */

/* Begin PBXResourcesBuildPhase section */
		D7B151C52536FA5B00FF926C /* Resources */ = {
			isa = PBXResourcesBuildPhase;
			buildActionMask = 2147483647;
			files = (
				D7B151DA2536FA5C00FF926C /* LaunchScreen.storyboard in Resources */,
				D7B151D72536FA5C00FF926C /* Preview Assets.xcassets in Resources */,
				D7818DE42562489700EBC5E3 /* mileData.json in Resources */,
				D7B151D42536FA5C00FF926C /* Assets.xcassets in Resources */,
			);
			runOnlyForDeploymentPostprocessing = 0;
		};
/* End PBXResourcesBuildPhase section */

/* Begin PBXSourcesBuildPhase section */
		D7B151C32536FA5B00FF926C /* Sources */ = {
			isa = PBXSourcesBuildPhase;
			buildActionMask = 2147483647;
			files = (
				D7B151D02536FA5B00FF926C /* BK.xcdatamodeld in Sources */,
				D7818DD42562427100EBC5E3 /* Data.swift in Sources */,
				D787CF9C2562961F0043E27F /* Student.swift in Sources */,
				D7818DE825624B3A00EBC5E3 /* UserData.swift in Sources */,
				D792E9462558F06400CE0C92 /* PageIndicator.swift in Sources */,
				0A1F8B872551B18D00E8D774 /* BarView.swift in Sources */,
				D7818DD72562449A00EBC5E3 /* Mile.swift in Sources */,
				D787CFAF256499C70043E27F /* AddChildView.swift in Sources */,
				D7B151F8253CC5EF00FF926C /* Page.swift in Sources */,
				D7165B8B25441E13002CB21D /* ProfileAddView.swift in Sources */,
				D792E9492558F0AD00CE0C92 /* HelpView.swift in Sources */,
				D7165BDF254B861E002CB21D /* TipsDetailView.swift in Sources */,
				D7165B8F254456EA002CB21D /* ScreeningView.swift in Sources */,
				0A841B65254E8E99005940B0 /* MilestoneTrack.swift in Sources */,
				0A841B63254D1EBA005940B0 /* SettingView.swift in Sources */,
				D7B151CB2536FA5B00FF926C /* AppDelegate.swift in Sources */,
				D7B151FC253DDD4D00FF926C /* Milestone.swift in Sources */,
				D792E9452558F06400CE0C92 /* PageViewContainer.swift in Sources */,
				D792E9472558F06400CE0C92 /* PageView.swift in Sources */,
				D7B151EA253CC04600FF926C /* Constant.swift in Sources */,
				D792E9442558F06400CE0C92 /* PageViewController.swift in Sources */,
				D7B151EC253CC0B500FF926C /* HomeView.swift in Sources */,
				0A1F8B852551905500E8D774 /* ResultView.swift in Sources */,
				D7B151D22536FA5B00FF926C /* ContentView.swift in Sources */,
				D7165BE1254DC00B002CB21D /* Child.swift in Sources */,
				D7165B8D254456D2002CB21D /* SummaryView.swift in Sources */,
				D7165B9A25486E28002CB21D /* Colors.swift in Sources */,
				0A6D62692556F8DF00AAF170 /* PageHomeView.swift in Sources */,
				D7165B93254467FB002CB21D /* QuickView.swift in Sources */,
				D7B15200253EC51900FF926C /* Tips.swift in Sources */,
				D7B151EE253CC0E800FF926C /* MilestoneView.swift in Sources */,
				D7165B952544680D002CB21D /* TipsView.swift in Sources */,
				D7165B9725486C95002CB21D /* RingShape.swift in Sources */,
				D7B151CD2536FA5B00FF926C /* SceneDelegate.swift in Sources */,
			);
			runOnlyForDeploymentPostprocessing = 0;
		};
/* End PBXSourcesBuildPhase section */

/* Begin PBXVariantGroup section */
		D7B151D82536FA5C00FF926C /* LaunchScreen.storyboard */ = {
			isa = PBXVariantGroup;
			children = (
				D7B151D92536FA5C00FF926C /* Base */,
			);
			name = LaunchScreen.storyboard;
			sourceTree = "<group>";
		};
/* End PBXVariantGroup section */

/* Begin XCBuildConfiguration section */
		D7B151DC2536FA5C00FF926C /* Debug */ = {
			isa = XCBuildConfiguration;
			buildSettings = {
				ALWAYS_SEARCH_USER_PATHS = NO;
				CLANG_ANALYZER_NONNULL = YES;
				CLANG_ANALYZER_NUMBER_OBJECT_CONVERSION = YES_AGGRESSIVE;
				CLANG_CXX_LANGUAGE_STANDARD = "gnu++14";
				CLANG_CXX_LIBRARY = "libc++";
				CLANG_ENABLE_MODULES = YES;
				CLANG_ENABLE_OBJC_ARC = YES;
				CLANG_ENABLE_OBJC_WEAK = YES;
				CLANG_WARN_BLOCK_CAPTURE_AUTORELEASING = YES;
				CLANG_WARN_BOOL_CONVERSION = YES;
				CLANG_WARN_COMMA = YES;
				CLANG_WARN_CONSTANT_CONVERSION = YES;
				CLANG_WARN_DEPRECATED_OBJC_IMPLEMENTATIONS = YES;
				CLANG_WARN_DIRECT_OBJC_ISA_USAGE = YES_ERROR;
				CLANG_WARN_DOCUMENTATION_COMMENTS = YES;
				CLANG_WARN_EMPTY_BODY = YES;
				CLANG_WARN_ENUM_CONVERSION = YES;
				CLANG_WARN_INFINITE_RECURSION = YES;
				CLANG_WARN_INT_CONVERSION = YES;
				CLANG_WARN_NON_LITERAL_NULL_CONVERSION = YES;
				CLANG_WARN_OBJC_IMPLICIT_RETAIN_SELF = YES;
				CLANG_WARN_OBJC_LITERAL_CONVERSION = YES;
				CLANG_WARN_OBJC_ROOT_CLASS = YES_ERROR;
				CLANG_WARN_RANGE_LOOP_ANALYSIS = YES;
				CLANG_WARN_STRICT_PROTOTYPES = YES;
				CLANG_WARN_SUSPICIOUS_MOVE = YES;
				CLANG_WARN_UNGUARDED_AVAILABILITY = YES_AGGRESSIVE;
				CLANG_WARN_UNREACHABLE_CODE = YES;
				CLANG_WARN__DUPLICATE_METHOD_MATCH = YES;
				COPY_PHASE_STRIP = NO;
				DEBUG_INFORMATION_FORMAT = dwarf;
				ENABLE_STRICT_OBJC_MSGSEND = YES;
				ENABLE_TESTABILITY = YES;
				GCC_C_LANGUAGE_STANDARD = gnu11;
				GCC_DYNAMIC_NO_PIC = NO;
				GCC_NO_COMMON_BLOCKS = YES;
				GCC_OPTIMIZATION_LEVEL = 0;
				GCC_PREPROCESSOR_DEFINITIONS = (
					"DEBUG=1",
					"$(inherited)",
				);
				GCC_WARN_64_TO_32_BIT_CONVERSION = YES;
				GCC_WARN_ABOUT_RETURN_TYPE = YES_ERROR;
				GCC_WARN_UNDECLARED_SELECTOR = YES;
				GCC_WARN_UNINITIALIZED_AUTOS = YES_AGGRESSIVE;
				GCC_WARN_UNUSED_FUNCTION = YES;
				GCC_WARN_UNUSED_VARIABLE = YES;
				IPHONEOS_DEPLOYMENT_TARGET = 13.7;
				MTL_ENABLE_DEBUG_INFO = INCLUDE_SOURCE;
				MTL_FAST_MATH = YES;
				ONLY_ACTIVE_ARCH = YES;
				SDKROOT = iphoneos;
				SWIFT_ACTIVE_COMPILATION_CONDITIONS = DEBUG;
				SWIFT_OPTIMIZATION_LEVEL = "-Onone";
			};
			name = Debug;
		};
		D7B151DD2536FA5C00FF926C /* Release */ = {
			isa = XCBuildConfiguration;
			buildSettings = {
				ALWAYS_SEARCH_USER_PATHS = NO;
				CLANG_ANALYZER_NONNULL = YES;
				CLANG_ANALYZER_NUMBER_OBJECT_CONVERSION = YES_AGGRESSIVE;
				CLANG_CXX_LANGUAGE_STANDARD = "gnu++14";
				CLANG_CXX_LIBRARY = "libc++";
				CLANG_ENABLE_MODULES = YES;
				CLANG_ENABLE_OBJC_ARC = YES;
				CLANG_ENABLE_OBJC_WEAK = YES;
				CLANG_WARN_BLOCK_CAPTURE_AUTORELEASING = YES;
				CLANG_WARN_BOOL_CONVERSION = YES;
				CLANG_WARN_COMMA = YES;
				CLANG_WARN_CONSTANT_CONVERSION = YES;
				CLANG_WARN_DEPRECATED_OBJC_IMPLEMENTATIONS = YES;
				CLANG_WARN_DIRECT_OBJC_ISA_USAGE = YES_ERROR;
				CLANG_WARN_DOCUMENTATION_COMMENTS = YES;
				CLANG_WARN_EMPTY_BODY = YES;
				CLANG_WARN_ENUM_CONVERSION = YES;
				CLANG_WARN_INFINITE_RECURSION = YES;
				CLANG_WARN_INT_CONVERSION = YES;
				CLANG_WARN_NON_LITERAL_NULL_CONVERSION = YES;
				CLANG_WARN_OBJC_IMPLICIT_RETAIN_SELF = YES;
				CLANG_WARN_OBJC_LITERAL_CONVERSION = YES;
				CLANG_WARN_OBJC_ROOT_CLASS = YES_ERROR;
				CLANG_WARN_RANGE_LOOP_ANALYSIS = YES;
				CLANG_WARN_STRICT_PROTOTYPES = YES;
				CLANG_WARN_SUSPICIOUS_MOVE = YES;
				CLANG_WARN_UNGUARDED_AVAILABILITY = YES_AGGRESSIVE;
				CLANG_WARN_UNREACHABLE_CODE = YES;
				CLANG_WARN__DUPLICATE_METHOD_MATCH = YES;
				COPY_PHASE_STRIP = NO;
				DEBUG_INFORMATION_FORMAT = "dwarf-with-dsym";
				ENABLE_NS_ASSERTIONS = NO;
				ENABLE_STRICT_OBJC_MSGSEND = YES;
				GCC_C_LANGUAGE_STANDARD = gnu11;
				GCC_NO_COMMON_BLOCKS = YES;
				GCC_WARN_64_TO_32_BIT_CONVERSION = YES;
				GCC_WARN_ABOUT_RETURN_TYPE = YES_ERROR;
				GCC_WARN_UNDECLARED_SELECTOR = YES;
				GCC_WARN_UNINITIALIZED_AUTOS = YES_AGGRESSIVE;
				GCC_WARN_UNUSED_FUNCTION = YES;
				GCC_WARN_UNUSED_VARIABLE = YES;
				IPHONEOS_DEPLOYMENT_TARGET = 13.7;
				MTL_ENABLE_DEBUG_INFO = NO;
				MTL_FAST_MATH = YES;
				SDKROOT = iphoneos;
				SWIFT_COMPILATION_MODE = wholemodule;
				SWIFT_OPTIMIZATION_LEVEL = "-O";
				VALIDATE_PRODUCT = YES;
			};
			name = Release;
		};
		D7B151DF2536FA5C00FF926C /* Debug */ = {
			isa = XCBuildConfiguration;
			buildSettings = {
				ASSETCATALOG_COMPILER_APPICON_NAME = "AppIcon-5";
				CODE_SIGN_STYLE = Automatic;
				CURRENT_PROJECT_VERSION = 18;
				DEVELOPMENT_ASSET_PATHS = "\"BK/Preview Content\"";
				DEVELOPMENT_TEAM = TTWVZH63FB;
				ENABLE_PREVIEWS = YES;
				INFOPLIST_FILE = BK/Info.plist;
				IPHONEOS_DEPLOYMENT_TARGET = 13.6;
				LD_RUNPATH_SEARCH_PATHS = (
					"$(inherited)",
					"@executable_path/Frameworks",
				);
				PRODUCT_BUNDLE_IDENTIFIER = com.ilb.mila;
				PRODUCT_NAME = Mila;
				SWIFT_VERSION = 5.0;
				TARGETED_DEVICE_FAMILY = 1;
			};
			name = Debug;
		};
		D7B151E02536FA5C00FF926C /* Release */ = {
			isa = XCBuildConfiguration;
			buildSettings = {
				ASSETCATALOG_COMPILER_APPICON_NAME = "AppIcon-5";
				CODE_SIGN_STYLE = Automatic;
				CURRENT_PROJECT_VERSION = 18;
				DEVELOPMENT_ASSET_PATHS = "\"BK/Preview Content\"";
				DEVELOPMENT_TEAM = TTWVZH63FB;
				ENABLE_PREVIEWS = YES;
				INFOPLIST_FILE = BK/Info.plist;
				IPHONEOS_DEPLOYMENT_TARGET = 13.6;
				LD_RUNPATH_SEARCH_PATHS = (
					"$(inherited)",
					"@executable_path/Frameworks",
				);
				PRODUCT_BUNDLE_IDENTIFIER = com.ilb.mila;
				PRODUCT_NAME = Mila;
				SWIFT_VERSION = 5.0;
				TARGETED_DEVICE_FAMILY = 1;
			};
			name = Release;
		};
/* End XCBuildConfiguration section */

/* Begin XCConfigurationList section */
		D7B151C22536FA5B00FF926C /* Build configuration list for PBXProject "mila" */ = {
			isa = XCConfigurationList;
			buildConfigurations = (
				D7B151DC2536FA5C00FF926C /* Debug */,
				D7B151DD2536FA5C00FF926C /* Release */,
			);
			defaultConfigurationIsVisible = 0;
			defaultConfigurationName = Release;
		};
		D7B151DE2536FA5C00FF926C /* Build configuration list for PBXNativeTarget "mila" */ = {
			isa = XCConfigurationList;
			buildConfigurations = (
				D7B151DF2536FA5C00FF926C /* Debug */,
				D7B151E02536FA5C00FF926C /* Release */,
			);
			defaultConfigurationIsVisible = 0;
			defaultConfigurationName = Release;
		};
/* End XCConfigurationList section */

/* Begin XCVersionGroup section */
		D7B151CE2536FA5B00FF926C /* BK.xcdatamodeld */ = {
			isa = XCVersionGroup;
			children = (
				D7B151CF2536FA5B00FF926C /* BK.xcdatamodel */,
			);
			currentVersion = D7B151CF2536FA5B00FF926C /* BK.xcdatamodel */;
			path = BK.xcdatamodeld;
			sourceTree = "<group>";
			versionGroupType = wrapper.xcdatamodel;
		};
/* End XCVersionGroup section */
	};
	rootObject = D7B151BF2536FA5B00FF926C /* Project object */;
}
